{
  "requires": true,
  "lockfileVersion": 1,
  "dependencies": {
    "@muhammed.mikayilov/homework-day-09": {
      "version": "1.2.0",
      "resolved": "https://registry.npmjs.org/@muhammed.mikayilov/homework-day-09/-/homework-day-09-1.2.0.tgz",
      "integrity": "sha512-KvYRkUcA8HROkdk47jCTGHP8UfJZ9L0gaymAf/ouAOFg9zUOsLOtiJ1jd/Y//JeyvVmy/fw1h/N5pl/pG6ibCg=="
    }
  }
}
